
Microsoft Visual Studio Solution File, Format Version 12.00
# Visual Studio Version 17
VisualStudioVersion = 17.5.002.0
MinimumVisualStudioVersion = 10.0.40219.1
Project("{9A19103F-16F7-4668-BE54-9A1E7A4F7556}") = "rpgapi", "rpgapi.csproj", "{31104956-00B9-4640-B3FB-4BD73B9D85D2}"
EndProject
Global
	GlobalSection(SolutionConfigurationPlatforms) = preSolution
		Debug|Any CPU = Debug|Any CPU
		Release|Any CPU = Release|Any CPU
	EndGlobalSection
	GlobalSection(ProjectConfigurationPlatforms) = postSolution
		{31104956-00B9-4640-B3FB-4BD73B9D85D2}.Debug|Any CPU.ActiveCfg = Debug|Any CPU
		{31104956-00B9-4640-B3FB-4BD73B9D85D2}.Debug|Any CPU.Build.0 = Debug|Any CPU
		{31104956-00B9-4640-B3FB-4BD73B9D85D2}.Release|Any CPU.ActiveCfg = Release|Any CPU
		{31104956-00B9-4640-B3FB-4BD73B9D85D2}.Release|Any CPU.Build.0 = Release|Any CPU
	EndGlobalSection
	GlobalSection(SolutionProperties) = preSolution
		HideSolutionNode = FALSE
	EndGlobalSection
	GlobalSection(ExtensibilityGlobals) = postSolution
		SolutionGuid = {D172CE49-29C4-4561-A9DA-18BBF88B645F}
	EndGlobalSection
EndGlobal
